// !$*UTF8*$!
{
	archiveVersion = 1;
	classes = {
	};
	objectVersion = 51;
	objects = {

/* Begin PBXBuildFile section */
		16384D25BBD962CD6B479DF8 /* Pods_Snacktacular.framework in Frameworks */ = {isa = PBXBuildFile; fileRef = 90484C581BE5521A91D6B0E5 /* Pods_Snacktacular.framework */; };
		92102794254F1E7A003EE4E2 /* AppDelegate.swift in Sources */ = {isa = PBXBuildFile; fileRef = 92102793254F1E7A003EE4E2 /* AppDelegate.swift */; };
		92102796254F1E7A003EE4E2 /* SceneDelegate.swift in Sources */ = {isa = PBXBuildFile; fileRef = 92102795254F1E7A003EE4E2 /* SceneDelegate.swift */; };
		92102798254F1E7A003EE4E2 /* LoginViewController.swift in Sources */ = {isa = PBXBuildFile; fileRef = 92102797254F1E7A003EE4E2 /* LoginViewController.swift */; };
		9210279B254F1E7A003EE4E2 /* Main.storyboard in Resources */ = {isa = PBXBuildFile; fileRef = 92102799254F1E7A003EE4E2 /* Main.storyboard */; };
		9210279D254F1E8C003EE4E2 /* Assets.xcassets in Resources */ = {isa = PBXBuildFile; fileRef = 9210279C254F1E8C003EE4E2 /* Assets.xcassets */; };
		921027A0254F1E8C003EE4E2 /* LaunchScreen.storyboard in Resources */ = {isa = PBXBuildFile; fileRef = 9210279E254F1E8C003EE4E2 /* LaunchScreen.storyboard */; };
		921027A8254F2D40003EE4E2 /* GoogleService-Info.plist in Resources */ = {isa = PBXBuildFile; fileRef = 921027A7254F2D40003EE4E2 /* GoogleService-Info.plist */; };
		921027AA254F4725003EE4E2 /* SpotListViewController.swift in Sources */ = {isa = PBXBuildFile; fileRef = 921027A9254F4725003EE4E2 /* SpotListViewController.swift */; };
		921027AC254F4D53003EE4E2 /* SpotTableViewCell.swift in Sources */ = {isa = PBXBuildFile; fileRef = 921027AB254F4D53003EE4E2 /* SpotTableViewCell.swift */; };
		921027AE254F52F9003EE4E2 /* SpotDetailViewController.swift in Sources */ = {isa = PBXBuildFile; fileRef = 921027AD254F52F9003EE4E2 /* SpotDetailViewController.swift */; };
		921027B0254F6B7A003EE4E2 /* Spot.swift in Sources */ = {isa = PBXBuildFile; fileRef = 921027AF254F6B7A003EE4E2 /* Spot.swift */; };
		921027B2254F782B003EE4E2 /* UIViewController+alert.swift in Sources */ = {isa = PBXBuildFile; fileRef = 921027B1254F782B003EE4E2 /* UIViewController+alert.swift */; };
		921027B4254F7D27003EE4E2 /* Spots.swift in Sources */ = {isa = PBXBuildFile; fileRef = 921027B3254F7D27003EE4E2 /* Spots.swift */; };
		921027B6254FA4B7003EE4E2 /* APIKeys.swift in Sources */ = {isa = PBXBuildFile; fileRef = 921027B5254FA4B7003EE4E2 /* APIKeys.swift */; };
		925193EB2555F4CD00CEBFAC /* ReviewTableViewController.swift in Sources */ = {isa = PBXBuildFile; fileRef = 925193EA2555F4CD00CEBFAC /* ReviewTableViewController.swift */; };
		925193ED25576D5800CEBFAC /* Review.swift in Sources */ = {isa = PBXBuildFile; fileRef = 925193EC25576D5700CEBFAC /* Review.swift */; };
		925193EF2557B1C500CEBFAC /* Reviews.swift in Sources */ = {isa = PBXBuildFile; fileRef = 925193EE2557B1C500CEBFAC /* Reviews.swift */; };
		925193F125586A2200CEBFAC /* SpotReviewTableViewCell.swift in Sources */ = {isa = PBXBuildFile; fileRef = 925193F025586A2200CEBFAC /* SpotReviewTableViewCell.swift */; };
/* End PBXBuildFile section */

/* Begin PBXFileReference section */
		6AC8B51A880B5436EE6439E7 /* Pods-Snacktacular.release.xcconfig */ = {isa = PBXFileReference; includeInIndex = 1; lastKnownFileType = text.xcconfig; name = "Pods-Snacktacular.release.xcconfig"; path = "Target Support Files/Pods-Snacktacular/Pods-Snacktacular.release.xcconfig"; sourceTree = "<group>"; };
		90484C581BE5521A91D6B0E5 /* Pods_Snacktacular.framework */ = {isa = PBXFileReference; explicitFileType = wrapper.framework; includeInIndex = 0; path = Pods_Snacktacular.framework; sourceTree = BUILT_PRODUCTS_DIR; };
		92102790254F1E7A003EE4E2 /* Snacktacular.app */ = {isa = PBXFileReference; explicitFileType = wrapper.application; includeInIndex = 0; path = Snacktacular.app; sourceTree = BUILT_PRODUCTS_DIR; };
		92102793254F1E7A003EE4E2 /* AppDelegate.swift */ = {isa = PBXFileReference; lastKnownFileType = sourcecode.swift; path = AppDelegate.swift; sourceTree = "<group>"; };
		92102795254F1E7A003EE4E2 /* SceneDelegate.swift */ = {isa = PBXFileReference; lastKnownFileType = sourcecode.swift; path = SceneDelegate.swift; sourceTree = "<group>"; };
		92102797254F1E7A003EE4E2 /* LoginViewController.swift */ = {isa = PBXFileReference; lastKnownFileType = sourcecode.swift; path = LoginViewController.swift; sourceTree = "<group>"; };
		9210279A254F1E7A003EE4E2 /* Base */ = {isa = PBXFileReference; lastKnownFileType = file.storyboard; name = Base; path = Base.lproj/Main.storyboard; sourceTree = "<group>"; };
		9210279C254F1E8C003EE4E2 /* Assets.xcassets */ = {isa = PBXFileReference; lastKnownFileType = folder.assetcatalog; path = Assets.xcassets; sourceTree = "<group>"; };
		9210279F254F1E8C003EE4E2 /* Base */ = {isa = PBXFileReference; lastKnownFileType = file.storyboard; name = Base; path = Base.lproj/LaunchScreen.storyboard; sourceTree = "<group>"; };
		921027A1254F1E8C003EE4E2 /* Info.plist */ = {isa = PBXFileReference; lastKnownFileType = text.plist.xml; path = Info.plist; sourceTree = "<group>"; };
		921027A7254F2D40003EE4E2 /* GoogleService-Info.plist */ = {isa = PBXFileReference; fileEncoding = 4; lastKnownFileType = text.plist.xml; path = "GoogleService-Info.plist"; sourceTree = "<group>"; };
		921027A9254F4725003EE4E2 /* SpotListViewController.swift */ = {isa = PBXFileReference; lastKnownFileType = sourcecode.swift; path = SpotListViewController.swift; sourceTree = "<group>"; };
		921027AB254F4D53003EE4E2 /* SpotTableViewCell.swift */ = {isa = PBXFileReference; lastKnownFileType = sourcecode.swift; path = SpotTableViewCell.swift; sourceTree = "<group>"; };
		921027AD254F52F9003EE4E2 /* SpotDetailViewController.swift */ = {isa = PBXFileReference; lastKnownFileType = sourcecode.swift; path = SpotDetailViewController.swift; sourceTree = "<group>"; };
		921027AF254F6B7A003EE4E2 /* Spot.swift */ = {isa = PBXFileReference; lastKnownFileType = sourcecode.swift; path = Spot.swift; sourceTree = "<group>"; };
		921027B1254F782B003EE4E2 /* UIViewController+alert.swift */ = {isa = PBXFileReference; fileEncoding = 4; lastKnownFileType = sourcecode.swift; path = "UIViewController+alert.swift"; sourceTree = "<group>"; };
		921027B3254F7D27003EE4E2 /* Spots.swift */ = {isa = PBXFileReference; lastKnownFileType = sourcecode.swift; path = Spots.swift; sourceTree = "<group>"; };
		921027B5254FA4B7003EE4E2 /* APIKeys.swift */ = {isa = PBXFileReference; lastKnownFileType = sourcecode.swift; path = APIKeys.swift; sourceTree = "<group>"; };
		925193EA2555F4CD00CEBFAC /* ReviewTableViewController.swift */ = {isa = PBXFileReference; lastKnownFileType = sourcecode.swift; path = ReviewTableViewController.swift; sourceTree = "<group>"; };
		925193EC25576D5700CEBFAC /* Review.swift */ = {isa = PBXFileReference; lastKnownFileType = sourcecode.swift; path = Review.swift; sourceTree = "<group>"; };
		925193EE2557B1C500CEBFAC /* Reviews.swift */ = {isa = PBXFileReference; lastKnownFileType = sourcecode.swift; path = Reviews.swift; sourceTree = "<group>"; };
		925193F025586A2200CEBFAC /* SpotReviewTableViewCell.swift */ = {isa = PBXFileReference; lastKnownFileType = sourcecode.swift; path = SpotReviewTableViewCell.swift; sourceTree = "<group>"; };
		EF4FB51B2AA1D4EC170E96F2 /* Pods-Snacktacular.debug.xcconfig */ = {isa = PBXFileReference; includeInIndex = 1; lastKnownFileType = text.xcconfig; name = "Pods-Snacktacular.debug.xcconfig"; path = "Target Support Files/Pods-Snacktacular/Pods-Snacktacular.debug.xcconfig"; sourceTree = "<group>"; };
/* End PBXFileReference section */

/* Begin PBXFrameworksBuildPhase section */
		9210278D254F1E7A003EE4E2 /* Frameworks */ = {
			isa = PBXFrameworksBuildPhase;
			buildActionMask = 2147483647;
			files = (
				16384D25BBD962CD6B479DF8 /* Pods_Snacktacular.framework in Frameworks */,
			);
			runOnlyForDeploymentPostprocessing = 0;
		};
/* End PBXFrameworksBuildPhase section */

/* Begin PBXGroup section */
		5A9EBA890EF5636B00C32006 /* Frameworks */ = {
			isa = PBXGroup;
			children = (
				90484C581BE5521A91D6B0E5 /* Pods_Snacktacular.framework */,
			);
			name = Frameworks;
			sourceTree = "<group>";
		};
		92102787254F1E7A003EE4E2 = {
			isa = PBXGroup;
			children = (
				92102792254F1E7A003EE4E2 /* Snacktacular */,
				92102791254F1E7A003EE4E2 /* Products */,
				FE00384B3A2411EAE7C846EB /* Pods */,
				5A9EBA890EF5636B00C32006 /* Frameworks */,
			);
			sourceTree = "<group>";
		};
		92102791254F1E7A003EE4E2 /* Products */ = {
			isa = PBXGroup;
			children = (
				92102790254F1E7A003EE4E2 /* Snacktacular.app */,
			);
			name = Products;
			sourceTree = "<group>";
		};
		92102792254F1E7A003EE4E2 /* Snacktacular */ = {
			isa = PBXGroup;
			children = (
				92102793254F1E7A003EE4E2 /* AppDelegate.swift */,
				92102795254F1E7A003EE4E2 /* SceneDelegate.swift */,
				921027AF254F6B7A003EE4E2 /* Spot.swift */,
				921027B3254F7D27003EE4E2 /* Spots.swift */,
				925193EC25576D5700CEBFAC /* Review.swift */,
				925193EE2557B1C500CEBFAC /* Reviews.swift */,
				92102797254F1E7A003EE4E2 /* LoginViewController.swift */,
				921027A9254F4725003EE4E2 /* SpotListViewController.swift */,
				921027AB254F4D53003EE4E2 /* SpotTableViewCell.swift */,
				921027AD254F52F9003EE4E2 /* SpotDetailViewController.swift */,
				925193F025586A2200CEBFAC /* SpotReviewTableViewCell.swift */,
				925193EA2555F4CD00CEBFAC /* ReviewTableViewController.swift */,
				921027B1254F782B003EE4E2 /* UIViewController+alert.swift */,
				921027B5254FA4B7003EE4E2 /* APIKeys.swift */,
				92102799254F1E7A003EE4E2 /* Main.storyboard */,
				9210279C254F1E8C003EE4E2 /* Assets.xcassets */,
				9210279E254F1E8C003EE4E2 /* LaunchScreen.storyboard */,
				921027A1254F1E8C003EE4E2 /* Info.plist */,
				921027A7254F2D40003EE4E2 /* GoogleService-Info.plist */,
			);
			path = Snacktacular;
			sourceTree = "<group>";
		};
		FE00384B3A2411EAE7C846EB /* Pods */ = {
			isa = PBXGroup;
			children = (
				EF4FB51B2AA1D4EC170E96F2 /* Pods-Snacktacular.debug.xcconfig */,
				6AC8B51A880B5436EE6439E7 /* Pods-Snacktacular.release.xcconfig */,
			);
			path = Pods;
			sourceTree = "<group>";
		};
/* End PBXGroup section */

/* Begin PBXNativeTarget section */
		9210278F254F1E7A003EE4E2 /* Snacktacular */ = {
			isa = PBXNativeTarget;
			buildConfigurationList = 921027A4254F1E8C003EE4E2 /* Build configuration list for PBXNativeTarget "Snacktacular" */;
			buildPhases = (
				3456F62399D0CA35C5DBFFA3 /* [CP] Check Pods Manifest.lock */,
				9210278C254F1E7A003EE4E2 /* Sources */,
				9210278D254F1E7A003EE4E2 /* Frameworks */,
				9210278E254F1E7A003EE4E2 /* Resources */,
				DCB1D8C0546D1A344A4F5A25 /* [CP] Embed Pods Frameworks */,
				AAEDD2A12DFCD234EF913692 /* [CP] Copy Pods Resources */,
			);
			buildRules = (
			);
			dependencies = (
			);
			name = Snacktacular;
			productName = Snacktacular;
			productReference = 92102790254F1E7A003EE4E2 /* Snacktacular.app */;
			productType = "com.apple.product-type.application";
		};
/* End PBXNativeTarget section */

/* Begin PBXProject section */
		92102788254F1E7A003EE4E2 /* Project object */ = {
			isa = PBXProject;
			attributes = {
				LastSwiftUpdateCheck = 1170;
				LastUpgradeCheck = 1170;
				ORGANIZATIONNAME = "Zachary Crews";
				TargetAttributes = {
					9210278F254F1E7A003EE4E2 = {
						CreatedOnToolsVersion = 11.7;
					};
				};
			};
			buildConfigurationList = 9210278B254F1E7A003EE4E2 /* Build configuration list for PBXProject "Snacktacular" */;
			compatibilityVersion = "Xcode 9.3";
			developmentRegion = en;
			hasScannedForEncodings = 0;
			knownRegions = (
				en,
				Base,
			);
			mainGroup = 92102787254F1E7A003EE4E2;
			productRefGroup = 92102791254F1E7A003EE4E2 /* Products */;
			projectDirPath = "";
			projectRoot = "";
			targets = (
				9210278F254F1E7A003EE4E2 /* Snacktacular */,
			);
		};
/* End PBXProject section */

/* Begin PBXResourcesBuildPhase section */
		9210278E254F1E7A003EE4E2 /* Resources */ = {
			isa = PBXResourcesBuildPhase;
			buildActionMask = 2147483647;
			files = (
				921027A0254F1E8C003EE4E2 /* LaunchScreen.storyboard in Resources */,
				921027A8254F2D40003EE4E2 /* GoogleService-Info.plist in Resources */,
				9210279D254F1E8C003EE4E2 /* Assets.xcassets in Resources */,
				9210279B254F1E7A003EE4E2 /* Main.storyboard in Resources */,
			);
			runOnlyForDeploymentPostprocessing = 0;
		};
/* End PBXResourcesBuildPhase section */

/* Begin PBXShellScriptBuildPhase section */
		3456F62399D0CA35C5DBFFA3 /* [CP] Check Pods Manifest.lock */ = {
			isa = PBXShellScriptBuildPhase;
			buildActionMask = 2147483647;
			files = (
			);
			inputFileListPaths = (
			);
			inputPaths = (
				"${PODS_PODFILE_DIR_PATH}/Podfile.lock",
				"${PODS_ROOT}/Manifest.lock",
			);
			name = "[CP] Check Pods Manifest.lock";
			outputFileListPaths = (
			);
			outputPaths = (
				"$(DERIVED_FILE_DIR)/Pods-Snacktacular-checkManifestLockResult.txt",
			);
			runOnlyForDeploymentPostprocessing = 0;
			shellPath = /bin/sh;
			shellScript = "diff \"${PODS_PODFILE_DIR_PATH}/Podfile.lock\" \"${PODS_ROOT}/Manifest.lock\" > /dev/null\nif [ $? != 0 ] ; then\n    # print error to STDERR\n    echo \"error: The sandbox is not in sync with the Podfile.lock. Run 'pod install' or update your CocoaPods installation.\" >&2\n    exit 1\nfi\n# This output is used by Xcode 'outputs' to avoid re-running this script phase.\necho \"SUCCESS\" > \"${SCRIPT_OUTPUT_FILE_0}\"\n";
			showEnvVarsInLog = 0;
		};
		AAEDD2A12DFCD234EF913692 /* [CP] Copy Pods Resources */ = {
			isa = PBXShellScriptBuildPhase;
			buildActionMask = 2147483647;
			files = (
			);
			inputFileListPaths = (
				"${PODS_ROOT}/Target Support Files/Pods-Snacktacular/Pods-Snacktacular-resources-${CONFIGURATION}-input-files.xcfilelist",
			);
			name = "[CP] Copy Pods Resources";
			outputFileListPaths = (
				"${PODS_ROOT}/Target Support Files/Pods-Snacktacular/Pods-Snacktacular-resources-${CONFIGURATION}-output-files.xcfilelist",
			);
			runOnlyForDeploymentPostprocessing = 0;
			shellPath = /bin/sh;
			shellScript = "\"${PODS_ROOT}/Target Support Files/Pods-Snacktacular/Pods-Snacktacular-resources.sh\"\n";
			showEnvVarsInLog = 0;
		};
		DCB1D8C0546D1A344A4F5A25 /* [CP] Embed Pods Frameworks */ = {
			isa = PBXShellScriptBuildPhase;
			buildActionMask = 2147483647;
			files = (
			);
			inputFileListPaths = (
				"${PODS_ROOT}/Target Support Files/Pods-Snacktacular/Pods-Snacktacular-frameworks-${CONFIGURATION}-input-files.xcfilelist",
			);
			name = "[CP] Embed Pods Frameworks";
			outputFileListPaths = (
				"${PODS_ROOT}/Target Support Files/Pods-Snacktacular/Pods-Snacktacular-frameworks-${CONFIGURATION}-output-files.xcfilelist",
			);
			runOnlyForDeploymentPostprocessing = 0;
			shellPath = /bin/sh;
			shellScript = "\"${PODS_ROOT}/Target Support Files/Pods-Snacktacular/Pods-Snacktacular-frameworks.sh\"\n";
			showEnvVarsInLog = 0;
		};
/* End PBXShellScriptBuildPhase section */

/* Begin PBXSourcesBuildPhase section */
		9210278C254F1E7A003EE4E2 /* Sources */ = {
			isa = PBXSourcesBuildPhase;
			buildActionMask = 2147483647;
			files = (
				925193EF2557B1C500CEBFAC /* Reviews.swift in Sources */,
				921027AA254F4725003EE4E2 /* SpotListViewController.swift in Sources */,
				92102798254F1E7A003EE4E2 /* LoginViewController.swift in Sources */,
				92102794254F1E7A003EE4E2 /* AppDelegate.swift in Sources */,
				921027AE254F52F9003EE4E2 /* SpotDetailViewController.swift in Sources */,
				925193EB2555F4CD00CEBFAC /* ReviewTableViewController.swift in Sources */,
				925193ED25576D5800CEBFAC /* Review.swift in Sources */,
				921027B4254F7D27003EE4E2 /* Spots.swift in Sources */,
				921027AC254F4D53003EE4E2 /* SpotTableViewCell.swift in Sources */,
				925193F125586A2200CEBFAC /* SpotReviewTableViewCell.swift in Sources */,
				921027B6254FA4B7003EE4E2 /* APIKeys.swift in Sources */,
				921027B0254F6B7A003EE4E2 /* Spot.swift in Sources */,
				92102796254F1E7A003EE4E2 /* SceneDelegate.swift in Sources */,
				921027B2254F782B003EE4E2 /* UIViewController+alert.swift in Sources */,
			);
			runOnlyForDeploymentPostprocessing = 0;
		};
/* End PBXSourcesBuildPhase section */

/* Begin PBXVariantGroup section */
		92102799254F1E7A003EE4E2 /* Main.storyboard */ = {
			isa = PBXVariantGroup;
			children = (
				9210279A254F1E7A003EE4E2 /* Base */,
			);
			name = Main.storyboard;
			sourceTree = "<group>";
		};
		9210279E254F1E8C003EE4E2 /* LaunchScreen.storyboard */ = {
			isa = PBXVariantGroup;
			children = (
				9210279F254F1E8C003EE4E2 /* Base */,
			);
			name = LaunchScreen.storyboard;
			sourceTree = "<group>";
		};
/* End PBXVariantGroup section */

/* Begin XCBuildConfiguration section */
		921027A2254F1E8C003EE4E2 /* Debug */ = {
			isa = XCBuildConfiguration;
			buildSettings = {
				ALWAYS_SEARCH_USER_PATHS = NO;
				CLANG_ANALYZER_NONNULL = YES;
				CLANG_ANALYZER_NUMBER_OBJECT_CONVERSION = YES_AGGRESSIVE;
				CLANG_CXX_LANGUAGE_STANDARD = "gnu++14";
				CLANG_CXX_LIBRARY = "libc++";
				CLANG_ENABLE_MODULES = YES;
				CLANG_ENABLE_OBJC_ARC = YES;
				CLANG_ENABLE_OBJC_WEAK = YES;
				CLANG_WARN_BLOCK_CAPTURE_AUTORELEASING = YES;
				CLANG_WARN_BOOL_CONVERSION = YES;
				CLANG_WARN_COMMA = YES;
				CLANG_WARN_CONSTANT_CONVERSION = YES;
				CLANG_WARN_DEPRECATED_OBJC_IMPLEMENTATIONS = YES;
				CLANG_WARN_DIRECT_OBJC_ISA_USAGE = YES_ERROR;
				CLANG_WARN_DOCUMENTATION_COMMENTS = YES;
				CLANG_WARN_EMPTY_BODY = YES;
				CLANG_WARN_ENUM_CONVERSION = YES;
				CLANG_WARN_INFINITE_RECURSION = YES;
				CLANG_WARN_INT_CONVERSION = YES;
				CLANG_WARN_NON_LITERAL_NULL_CONVERSION = YES;
				CLANG_WARN_OBJC_IMPLICIT_RETAIN_SELF = YES;
				CLANG_WARN_OBJC_LITERAL_CONVERSION = YES;
				CLANG_WARN_OBJC_ROOT_CLASS = YES_ERROR;
				CLANG_WARN_RANGE_LOOP_ANALYSIS = YES;
				CLANG_WARN_STRICT_PROTOTYPES = YES;
				CLANG_WARN_SUSPICIOUS_MOVE = YES;
				CLANG_WARN_UNGUARDED_AVAILABILITY = YES_AGGRESSIVE;
				CLANG_WARN_UNREACHABLE_CODE = YES;
				CLANG_WARN__DUPLICATE_METHOD_MATCH = YES;
				COPY_PHASE_STRIP = NO;
				DEBUG_INFORMATION_FORMAT = dwarf;
				ENABLE_STRICT_OBJC_MSGSEND = YES;
				ENABLE_TESTABILITY = YES;
				GCC_C_LANGUAGE_STANDARD = gnu11;
				GCC_DYNAMIC_NO_PIC = NO;
				GCC_NO_COMMON_BLOCKS = YES;
				GCC_OPTIMIZATION_LEVEL = 0;
				GCC_PREPROCESSOR_DEFINITIONS = (
					"DEBUG=1",
					"$(inherited)",
				);
				GCC_WARN_64_TO_32_BIT_CONVERSION = YES;
				GCC_WARN_ABOUT_RETURN_TYPE = YES_ERROR;
				GCC_WARN_UNDECLARED_SELECTOR = YES;
				GCC_WARN_UNINITIALIZED_AUTOS = YES_AGGRESSIVE;
				GCC_WARN_UNUSED_FUNCTION = YES;
				GCC_WARN_UNUSED_VARIABLE = YES;
				IPHONEOS_DEPLOYMENT_TARGET = 13.7;
				MTL_ENABLE_DEBUG_INFO = INCLUDE_SOURCE;
				MTL_FAST_MATH = YES;
				ONLY_ACTIVE_ARCH = YES;
				SDKROOT = iphoneos;
				SWIFT_ACTIVE_COMPILATION_CONDITIONS = DEBUG;
				SWIFT_OPTIMIZATION_LEVEL = "-Onone";
			};
			name = Debug;
		};
		921027A3254F1E8C003EE4E2 /* Release */ = {
			isa = XCBuildConfiguration;
			buildSettings = {
				ALWAYS_SEARCH_USER_PATHS = NO;
				CLANG_ANALYZER_NONNULL = YES;
				CLANG_ANALYZER_NUMBER_OBJECT_CONVERSION = YES_AGGRESSIVE;
				CLANG_CXX_LANGUAGE_STANDARD = "gnu++14";
				CLANG_CXX_LIBRARY = "libc++";
				CLANG_ENABLE_MODULES = YES;
				CLANG_ENABLE_OBJC_ARC = YES;
				CLANG_ENABLE_OBJC_WEAK = YES;
				CLANG_WARN_BLOCK_CAPTURE_AUTORELEASING = YES;
				CLANG_WARN_BOOL_CONVERSION = YES;
				CLANG_WARN_COMMA = YES;
				CLANG_WARN_CONSTANT_CONVERSION = YES;
				CLANG_WARN_DEPRECATED_OBJC_IMPLEMENTATIONS = YES;
				CLANG_WARN_DIRECT_OBJC_ISA_USAGE = YES_ERROR;
				CLANG_WARN_DOCUMENTATION_COMMENTS = YES;
				CLANG_WARN_EMPTY_BODY = YES;
				CLANG_WARN_ENUM_CONVERSION = YES;
				CLANG_WARN_INFINITE_RECURSION = YES;
				CLANG_WARN_INT_CONVERSION = YES;
				CLANG_WARN_NON_LITERAL_NULL_CONVERSION = YES;
				CLANG_WARN_OBJC_IMPLICIT_RETAIN_SELF = YES;
				CLANG_WARN_OBJC_LITERAL_CONVERSION = YES;
				CLANG_WARN_OBJC_ROOT_CLASS = YES_ERROR;
				CLANG_WARN_RANGE_LOOP_ANALYSIS = YES;
				CLANG_WARN_STRICT_PROTOTYPES = YES;
				CLANG_WARN_SUSPICIOUS_MOVE = YES;
				CLANG_WARN_UNGUARDED_AVAILABILITY = YES_AGGRESSIVE;
				CLANG_WARN_UNREACHABLE_CODE = YES;
				CLANG_WARN__DUPLICATE_METHOD_MATCH = YES;
				COPY_PHASE_STRIP = NO;
				DEBUG_INFORMATION_FORMAT = "dwarf-with-dsym";
				ENABLE_NS_ASSERTIONS = NO;
				ENABLE_STRICT_OBJC_MSGSEND = YES;
				GCC_C_LANGUAGE_STANDARD = gnu11;
				GCC_NO_COMMON_BLOCKS = YES;
				GCC_WARN_64_TO_32_BIT_CONVERSION = YES;
				GCC_WARN_ABOUT_RETURN_TYPE = YES_ERROR;
				GCC_WARN_UNDECLARED_SELECTOR = YES;
				GCC_WARN_UNINITIALIZED_AUTOS = YES_AGGRESSIVE;
				GCC_WARN_UNUSED_FUNCTION = YES;
				GCC_WARN_UNUSED_VARIABLE = YES;
				IPHONEOS_DEPLOYMENT_TARGET = 13.7;
				MTL_ENABLE_DEBUG_INFO = NO;
				MTL_FAST_MATH = YES;
				SDKROOT = iphoneos;
				SWIFT_COMPILATION_MODE = wholemodule;
				SWIFT_OPTIMIZATION_LEVEL = "-O";
				VALIDATE_PRODUCT = YES;
			};
			name = Release;
		};
		921027A5254F1E8C003EE4E2 /* Debug */ = {
			isa = XCBuildConfiguration;
			baseConfigurationReference = EF4FB51B2AA1D4EC170E96F2 /* Pods-Snacktacular.debug.xcconfig */;
			buildSettings = {
				ASSETCATALOG_COMPILER_APPICON_NAME = AppIcon;
				CODE_SIGN_STYLE = Automatic;
				DEVELOPMENT_TEAM = 6A39RK6S5G;
				INFOPLIST_FILE = Snacktacular/Info.plist;
				IPHONEOS_DEPLOYMENT_TARGET = 13.7;
				LD_RUNPATH_SEARCH_PATHS = (
					"$(inherited)",
					"@executable_path/Frameworks",
				);
				PRODUCT_BUNDLE_IDENTIFIER = crews.Snacktacular;
				PRODUCT_NAME = "$(TARGET_NAME)";
				SWIFT_VERSION = 5.0;
				TARGETED_DEVICE_FAMILY = "1,2";
			};
			name = Debug;
		};
		921027A6254F1E8C003EE4E2 /* Release */ = {
			isa = XCBuildConfiguration;
			baseConfigurationReference = 6AC8B51A880B5436EE6439E7 /* Pods-Snacktacular.release.xcconfig */;
			buildSettings = {
				ASSETCATALOG_COMPILER_APPICON_NAME = AppIcon;
				CODE_SIGN_STYLE = Automatic;
				DEVELOPMENT_TEAM = 6A39RK6S5G;
				INFOPLIST_FILE = Snacktacular/Info.plist;
				IPHONEOS_DEPLOYMENT_TARGET = 13.7;
				LD_RUNPATH_SEARCH_PATHS = (
					"$(inherited)",
					"@executable_path/Frameworks",
				);
				PRODUCT_BUNDLE_IDENTIFIER = crews.Snacktacular;
				PRODUCT_NAME = "$(TARGET_NAME)";
				SWIFT_VERSION = 5.0;
				TARGETED_DEVICE_FAMILY = "1,2";
			};
			name = Release;
		};
/* End XCBuildConfiguration section */

/* Begin XCConfigurationList section */
		9210278B254F1E7A003EE4E2 /* Build configuration list for PBXProject "Snacktacular" */ = {
			isa = XCConfigurationList;
			buildConfigurations = (
				921027A2254F1E8C003EE4E2 /* Debug */,
				921027A3254F1E8C003EE4E2 /* Release */,
			);
			defaultConfigurationIsVisible = 0;
			defaultConfigurationName = Release;
		};
		921027A4254F1E8C003EE4E2 /* Build configuration list for PBXNativeTarget "Snacktacular" */ = {
			isa = XCConfigurationList;
			buildConfigurations = (
				921027A5254F1E8C003EE4E2 /* Debug */,
				921027A6254F1E8C003EE4E2 /* Release */,
			);
			defaultConfigurationIsVisible = 0;
			defaultConfigurationName = Release;
		};
/* End XCConfigurationList section */
	};
	rootObject = 92102788254F1E7A003EE4E2 /* Project object */;
}
